
Microsoft Visual Studio Solution File, Format Version 12.00
# Visual Studio 2013
VisualStudioVersion = 12.0.30501.0
MinimumVisualStudioVersion = 10.0.40219.1
Project("{FAE04EC0-301F-11D3-BF4B-00C04F79EFBC}") = "Data", "..\Data\Data.csproj", "{C0B0066F-7FFE-4BC7-B47F-AA205FD73111}"
EndProject
Project("{FAE04EC0-301F-11D3-BF4B-00C04F79EFBC}") = "Data.SqlServer2012", "..\Data.SqlServer2012\Data.SqlServer2012.csproj", "{52C55388-578F-4C7A-AC1B-4425C3197C50}"
EndProject
Project("{FAE04EC0-301F-11D3-BF4B-00C04F79EFBC}") = "Data.SqlServer2012.UnitTest", "..\Data.SqlServer2012.UnitTest\Data.SqlServer2012.UnitTest.csproj", "{8849DAB4-9525-4A1F-AE8F-E53A6FA3F07A}"
EndProject
Project("{FAE04EC0-301F-11D3-BF4B-00C04F79EFBC}") = "Data.Test", "Data.Test.csproj", "{8B835305-0A00-455A-B408-9490D8954C2C}"
EndProject
Global
	GlobalSection(SolutionConfigurationPlatforms) = preSolution
		Debug|Any CPU = Debug|Any CPU
		Release|Any CPU = Release|Any CPU
	EndGlobalSection
	GlobalSection(ProjectConfigurationPlatforms) = postSolution
		{C0B0066F-7FFE-4BC7-B47F-AA205FD73111}.Debug|Any CPU.ActiveCfg = Debug|Any CPU
		{C0B0066F-7FFE-4BC7-B47F-AA205FD73111}.Debug|Any CPU.Build.0 = Debug|Any CPU
		{C0B0066F-7FFE-4BC7-B47F-AA205FD73111}.Release|Any CPU.ActiveCfg = Release|Any CPU
		{C0B0066F-7FFE-4BC7-B47F-AA205FD73111}.Release|Any CPU.Build.0 = Release|Any CPU
		{52C55388-578F-4C7A-AC1B-4425C3197C50}.Debug|Any CPU.ActiveCfg = Debug|Any CPU
		{52C55388-578F-4C7A-AC1B-4425C3197C50}.Debug|Any CPU.Build.0 = Debug|Any CPU
		{52C55388-578F-4C7A-AC1B-4425C3197C50}.Release|Any CPU.ActiveCfg = Release|Any CPU
		{52C55388-578F-4C7A-AC1B-4425C3197C50}.Release|Any CPU.Build.0 = Release|Any CPU
		{8849DAB4-9525-4A1F-AE8F-E53A6FA3F07A}.Debug|Any CPU.ActiveCfg = Debug|Any CPU
		{8849DAB4-9525-4A1F-AE8F-E53A6FA3F07A}.Debug|Any CPU.Build.0 = Debug|Any CPU
		{8849DAB4-9525-4A1F-AE8F-E53A6FA3F07A}.Release|Any CPU.ActiveCfg = Release|Any CPU
		{8849DAB4-9525-4A1F-AE8F-E53A6FA3F07A}.Release|Any CPU.Build.0 = Release|Any CPU
		{8B835305-0A00-455A-B408-9490D8954C2C}.Debug|Any CPU.ActiveCfg = Debug|Any CPU
		{8B835305-0A00-455A-B408-9490D8954C2C}.Debug|Any CPU.Build.0 = Debug|Any CPU
		{8B835305-0A00-455A-B408-9490D8954C2C}.Release|Any CPU.ActiveCfg = Release|Any CPU
		{8B835305-0A00-455A-B408-9490D8954C2C}.Release|Any CPU.Build.0 = Release|Any CPU
	EndGlobalSection
	GlobalSection(SolutionProperties) = preSolution
		HideSolutionNode = FALSE
	EndGlobalSection
EndGlobal
